// !$*UTF8*$!
{
	archiveVersion = 1;
	classes = {
	};
	objectVersion = 50;
	objects = {

/* Begin PBXBuildFile section */
		272C7C86257F8E5F0073D9C9 /* main.m in Sources */ = {isa = PBXBuildFile; fileRef = 272C7C85257F8E5F0073D9C9 /* main.m */; };
		272C7C94257F8EDC0073D9C9 /* Bob_Tests.m in Sources */ = {isa = PBXBuildFile; fileRef = 272C7C93257F8EDC0073D9C9 /* Bob_Tests.m */; };
		272C7C9D257F904F0073D9C9 /* Bob.m in Sources */ = {isa = PBXBuildFile; fileRef = 272C7C9C257F904F0073D9C9 /* Bob.m */; };
/* End PBXBuildFile section */

/* Begin PBXCopyFilesBuildPhase section */
		272C7C80257F8E5F0073D9C9 /* CopyFiles */ = {
			isa = PBXCopyFilesBuildPhase;
			buildActionMask = 2147483647;
			dstPath = /usr/share/man/man1/;
			dstSubfolderSpec = 0;
			files = (
			);
			runOnlyForDeploymentPostprocessing = 1;
		};
/* End PBXCopyFilesBuildPhase section */

/* Begin PBXFileReference section */
		272C7C82257F8E5F0073D9C9 /* Bob */ = {isa = PBXFileReference; explicitFileType = "compiled.mach-o.executable"; includeInIndex = 0; path = Bob; sourceTree = BUILT_PRODUCTS_DIR; };
		272C7C85257F8E5F0073D9C9 /* main.m */ = {isa = PBXFileReference; lastKnownFileType = sourcecode.c.objc; path = main.m; sourceTree = "<group>"; };
		272C7C91257F8EDC0073D9C9 /* Bob Tests.xctest */ = {isa = PBXFileReference; explicitFileType = wrapper.cfbundle; includeInIndex = 0; path = "Bob Tests.xctest"; sourceTree = BUILT_PRODUCTS_DIR; };
		272C7C93257F8EDC0073D9C9 /* Bob_Tests.m */ = {isa = PBXFileReference; lastKnownFileType = sourcecode.c.objc; path = Bob_Tests.m; sourceTree = "<group>"; };
		272C7C95257F8EDC0073D9C9 /* Info.plist */ = {isa = PBXFileReference; lastKnownFileType = text.plist.xml; path = Info.plist; sourceTree = "<group>"; };
		272C7C9B257F904F0073D9C9 /* Bob.h */ = {isa = PBXFileReference; lastKnownFileType = sourcecode.c.h; path = Bob.h; sourceTree = "<group>"; };
		272C7C9C257F904F0073D9C9 /* Bob.m */ = {isa = PBXFileReference; lastKnownFileType = sourcecode.c.objc; path = Bob.m; sourceTree = "<group>"; };
/* End PBXFileReference section */

/* Begin PBXFrameworksBuildPhase section */
		272C7C7F257F8E5F0073D9C9 /* Frameworks */ = {
			isa = PBXFrameworksBuildPhase;
			buildActionMask = 2147483647;
			files = (
			);
			runOnlyForDeploymentPostprocessing = 0;
		};
		272C7C8E257F8EDC0073D9C9 /* Frameworks */ = {
			isa = PBXFrameworksBuildPhase;
			buildActionMask = 2147483647;
			files = (
			);
			runOnlyForDeploymentPostprocessing = 0;
		};
/* End PBXFrameworksBuildPhase section */

/* Begin PBXGroup section */
		272C7C79257F8E5F0073D9C9 = {
			isa = PBXGroup;
			children = (
				272C7C84257F8E5F0073D9C9 /* Bob */,
				272C7C92257F8EDC0073D9C9 /* Bob Tests */,
				272C7C83257F8E5F0073D9C9 /* Products */,
			);
			sourceTree = "<group>";
		};
		272C7C83257F8E5F0073D9C9 /* Products */ = {
			isa = PBXGroup;
			children = (
				272C7C82257F8E5F0073D9C9 /* Bob */,
				272C7C91257F8EDC0073D9C9 /* Bob Tests.xctest */,
			);
			name = Products;
			sourceTree = "<group>";
		};
		272C7C84257F8E5F0073D9C9 /* Bob */ = {
			isa = PBXGroup;
			children = (
				272C7C85257F8E5F0073D9C9 /* main.m */,
			);
			path = Bob;
			sourceTree = "<group>";
		};
		272C7C92257F8EDC0073D9C9 /* Bob Tests */ = {
			isa = PBXGroup;
			children = (
				272C7C93257F8EDC0073D9C9 /* Bob_Tests.m */,
				272C7C95257F8EDC0073D9C9 /* Info.plist */,
				272C7C9B257F904F0073D9C9 /* Bob.h */,
				272C7C9C257F904F0073D9C9 /* Bob.m */,
			);
			path = "Bob Tests";
			sourceTree = "<group>";
		};
/* End PBXGroup section */

/* Begin PBXNativeTarget section */
		272C7C81257F8E5F0073D9C9 /* Bob */ = {
			isa = PBXNativeTarget;
			buildConfigurationList = 272C7C89257F8E5F0073D9C9 /* Build configuration list for PBXNativeTarget "Bob" */;
			buildPhases = (
				272C7C7E257F8E5F0073D9C9 /* Sources */,
				272C7C7F257F8E5F0073D9C9 /* Frameworks */,
				272C7C80257F8E5F0073D9C9 /* CopyFiles */,
			);
			buildRules = (
			);
			dependencies = (
			);
			name = Bob;
			productName = Bob;
			productReference = 272C7C82257F8E5F0073D9C9 /* Bob */;
			productType = "com.apple.product-type.tool";
		};
		272C7C90257F8EDC0073D9C9 /* Bob Tests */ = {
			isa = PBXNativeTarget;
			buildConfigurationList = 272C7C96257F8EDC0073D9C9 /* Build configuration list for PBXNativeTarget "Bob Tests" */;
			buildPhases = (
				272C7C8D257F8EDC0073D9C9 /* Sources */,
				272C7C8E257F8EDC0073D9C9 /* Frameworks */,
				272C7C8F257F8EDC0073D9C9 /* Resources */,
			);
			buildRules = (
			);
			dependencies = (
			);
			name = "Bob Tests";
			productName = "Bob Tests";
			productReference = 272C7C91257F8EDC0073D9C9 /* Bob Tests.xctest */;
			productType = "com.apple.product-type.bundle.unit-test";
		};
/* End PBXNativeTarget section */

/* Begin PBXProject section */
		272C7C7A257F8E5F0073D9C9 /* Project object */ = {
			isa = PBXProject;
			attributes = {
				LastUpgradeCheck = 1220;
				TargetAttributes = {
					272C7C81257F8E5F0073D9C9 = {
						CreatedOnToolsVersion = 12.2;
					};
					272C7C90257F8EDC0073D9C9 = {
						CreatedOnToolsVersion = 12.2;
					};
				};
			};
			buildConfigurationList = 272C7C7D257F8E5F0073D9C9 /* Build configuration list for PBXProject "Bob" */;
			compatibilityVersion = "Xcode 9.3";
			developmentRegion = en;
			hasScannedForEncodings = 0;
			knownRegions = (
				en,
				Base,
			);
			mainGroup = 272C7C79257F8E5F0073D9C9;
			productRefGroup = 272C7C83257F8E5F0073D9C9 /* Products */;
			projectDirPath = "";
			projectRoot = "";
			targets = (
				272C7C81257F8E5F0073D9C9 /* Bob */,
				272C7C90257F8EDC0073D9C9 /* Bob Tests */,
			);
		};
/* End PBXProject section */

/* Begin PBXResourcesBuildPhase section */
		272C7C8F257F8EDC0073D9C9 /* Resources */ = {
			isa = PBXResourcesBuildPhase;
			buildActionMask = 2147483647;
			files = (
			);
			runOnlyForDeploymentPostprocessing = 0;
		};
/* End PBXResourcesBuildPhase section */

/* Begin PBXSourcesBuildPhase section */
		272C7C7E257F8E5F0073D9C9 /* Sources */ = {
			isa = PBXSourcesBuildPhase;
			buildActionMask = 2147483647;
			files = (
				272C7C86257F8E5F0073D9C9 /* main.m in Sources */,
			);
			runOnlyForDeploymentPostprocessing = 0;
		};
		272C7C8D257F8EDC0073D9C9 /* Sources */ = {
			isa = PBXSourcesBuildPhase;
			buildActionMask = 2147483647;
			files = (
				272C7C94257F8EDC0073D9C9 /* Bob_Tests.m in Sources */,
				272C7C9D257F904F0073D9C9 /* Bob.m in Sources */,
			);
			runOnlyForDeploymentPostprocessing = 0;
		};
/* End PBXSourcesBuildPhase section */

/* Begin XCBuildConfiguration section */
		272C7C87257F8E5F0073D9C9 /* Debug */ = {
			isa = XCBuildConfiguration;
			buildSettings = {
				ALWAYS_SEARCH_USER_PATHS = NO;
				CLANG_ANALYZER_NONNULL = YES;
				CLANG_ANALYZER_NUMBER_OBJECT_CONVERSION = YES_AGGRESSIVE;
				CLANG_CXX_LANGUAGE_STANDARD = "gnu++14";
				CLANG_CXX_LIBRARY = "libc++";
				CLANG_ENABLE_MODULES = YES;
				CLANG_ENABLE_OBJC_ARC = YES;
				CLANG_ENABLE_OBJC_WEAK = YES;
				CLANG_WARN_BLOCK_CAPTURE_AUTORELEASING = YES;
				CLANG_WARN_BOOL_CONVERSION = YES;
				CLANG_WARN_COMMA = YES;
				CLANG_WARN_CONSTANT_CONVERSION = YES;
				CLANG_WARN_DEPRECATED_OBJC_IMPLEMENTATIONS = YES;
				CLANG_WARN_DIRECT_OBJC_ISA_USAGE = YES_ERROR;
				CLANG_WARN_DOCUMENTATION_COMMENTS = YES;
				CLANG_WARN_EMPTY_BODY = YES;
				CLANG_WARN_ENUM_CONVERSION = YES;
				CLANG_WARN_INFINITE_RECURSION = YES;
				CLANG_WARN_INT_CONVERSION = YES;
				CLANG_WARN_NON_LITERAL_NULL_CONVERSION = YES;
				CLANG_WARN_OBJC_IMPLICIT_RETAIN_SELF = YES;
				CLANG_WARN_OBJC_LITERAL_CONVERSION = YES;
				CLANG_WARN_OBJC_ROOT_CLASS = YES_ERROR;
				CLANG_WARN_QUOTED_INCLUDE_IN_FRAMEWORK_HEADER = YES;
				CLANG_WARN_RANGE_LOOP_ANALYSIS = YES;
				CLANG_WARN_STRICT_PROTOTYPES = YES;
				CLANG_WARN_SUSPICIOUS_MOVE = YES;
				CLANG_WARN_UNGUARDED_AVAILABILITY = YES_AGGRESSIVE;
				CLANG_WARN_UNREACHABLE_CODE = YES;
				CLANG_WARN__DUPLICATE_METHOD_MATCH = YES;
				COPY_PHASE_STRIP = NO;
				DEBUG_INFORMATION_FORMAT = dwarf;
				ENABLE_STRICT_OBJC_MSGSEND = YES;
				ENABLE_TESTABILITY = YES;
				GCC_C_LANGUAGE_STANDARD = gnu11;
				GCC_DYNAMIC_NO_PIC = NO;
				GCC_NO_COMMON_BLOCKS = YES;
				GCC_OPTIMIZATION_LEVEL = 0;
				GCC_PREPROCESSOR_DEFINITIONS = (
					"DEBUG=1",
					"$(inherited)",
				);
				GCC_WARN_64_TO_32_BIT_CONVERSION = YES;
				GCC_WARN_ABOUT_RETURN_TYPE = YES_ERROR;
				GCC_WARN_UNDECLARED_SELECTOR = YES;
				GCC_WARN_UNINITIALIZED_AUTOS = YES_AGGRESSIVE;
				GCC_WARN_UNUSED_FUNCTION = YES;
				GCC_WARN_UNUSED_VARIABLE = YES;
				MACOSX_DEPLOYMENT_TARGET = 11.0;
				MTL_ENABLE_DEBUG_INFO = INCLUDE_SOURCE;
				MTL_FAST_MATH = YES;
				ONLY_ACTIVE_ARCH = YES;
				SDKROOT = macosx;
			};
			name = Debug;
		};
		272C7C88257F8E5F0073D9C9 /* Release */ = {
			isa = XCBuildConfiguration;
			buildSettings = {
				ALWAYS_SEARCH_USER_PATHS = NO;
				CLANG_ANALYZER_NONNULL = YES;
				CLANG_ANALYZER_NUMBER_OBJECT_CONVERSION = YES_AGGRESSIVE;
				CLANG_CXX_LANGUAGE_STANDARD = "gnu++14";
				CLANG_CXX_LIBRARY = "libc++";
				CLANG_ENABLE_MODULES = YES;
				CLANG_ENABLE_OBJC_ARC = YES;
				CLANG_ENABLE_OBJC_WEAK = YES;
				CLANG_WARN_BLOCK_CAPTURE_AUTORELEASING = YES;
				CLANG_WARN_BOOL_CONVERSION = YES;
				CLANG_WARN_COMMA = YES;
				CLANG_WARN_CONSTANT_CONVERSION = YES;
				CLANG_WARN_DEPRECATED_OBJC_IMPLEMENTATIONS = YES;
				CLANG_WARN_DIRECT_OBJC_ISA_USAGE = YES_ERROR;
				CLANG_WARN_DOCUMENTATION_COMMENTS = YES;
				CLANG_WARN_EMPTY_BODY = YES;
				CLANG_WARN_ENUM_CONVERSION = YES;
				CLANG_WARN_INFINITE_RECURSION = YES;
				CLANG_WARN_INT_CONVERSION = YES;
				CLANG_WARN_NON_LITERAL_NULL_CONVERSION = YES;
				CLANG_WARN_OBJC_IMPLICIT_RETAIN_SELF = YES;
				CLANG_WARN_OBJC_LITERAL_CONVERSION = YES;
				CLANG_WARN_OBJC_ROOT_CLASS = YES_ERROR;
				CLANG_WARN_QUOTED_INCLUDE_IN_FRAMEWORK_HEADER = YES;
				CLANG_WARN_RANGE_LOOP_ANALYSIS = YES;
				CLANG_WARN_STRICT_PROTOTYPES = YES;
				CLANG_WARN_SUSPICIOUS_MOVE = YES;
				CLANG_WARN_UNGUARDED_AVAILABILITY = YES_AGGRESSIVE;
				CLANG_WARN_UNREACHABLE_CODE = YES;
				CLANG_WARN__DUPLICATE_METHOD_MATCH = YES;
				COPY_PHASE_STRIP = NO;
				DEBUG_INFORMATION_FORMAT = "dwarf-with-dsym";
				ENABLE_NS_ASSERTIONS = NO;
				ENABLE_STRICT_OBJC_MSGSEND = YES;
				GCC_C_LANGUAGE_STANDARD = gnu11;
				GCC_NO_COMMON_BLOCKS = YES;
				GCC_WARN_64_TO_32_BIT_CONVERSION = YES;
				GCC_WARN_ABOUT_RETURN_TYPE = YES_ERROR;
				GCC_WARN_UNDECLARED_SELECTOR = YES;
				GCC_WARN_UNINITIALIZED_AUTOS = YES_AGGRESSIVE;
				GCC_WARN_UNUSED_FUNCTION = YES;
				GCC_WARN_UNUSED_VARIABLE = YES;
				MACOSX_DEPLOYMENT_TARGET = 11.0;
				MTL_ENABLE_DEBUG_INFO = NO;
				MTL_FAST_MATH = YES;
				SDKROOT = macosx;
			};
			name = Release;
		};
		272C7C8A257F8E5F0073D9C9 /* Debug */ = {
			isa = XCBuildConfiguration;
			buildSettings = {
				CODE_SIGN_STYLE = Automatic;
				PRODUCT_NAME = "$(TARGET_NAME)";
			};
			name = Debug;
		};
		272C7C8B257F8E5F0073D9C9 /* Release */ = {
			isa = XCBuildConfiguration;
			buildSettings = {
				CODE_SIGN_STYLE = Automatic;
				PRODUCT_NAME = "$(TARGET_NAME)";
			};
			name = Release;
		};
		272C7C97257F8EDC0073D9C9 /* Debug */ = {
			isa = XCBuildConfiguration;
			buildSettings = {
				CODE_SIGN_STYLE = Automatic;
				COMBINE_HIDPI_IMAGES = YES;
				INFOPLIST_FILE = "Bob Tests/Info.plist";
				LD_RUNPATH_SEARCH_PATHS = (
					"$(inherited)",
					"@executable_path/../Frameworks",
					"@loader_path/../Frameworks",
				);
				PRODUCT_BUNDLE_IDENTIFIER = "id.nadiar.exercism.Bob-Tests";
				PRODUCT_NAME = "$(TARGET_NAME)";
			};
			name = Debug;
		};
		272C7C98257F8EDC0073D9C9 /* Release */ = {
			isa = XCBuildConfiguration;
			buildSettings = {
				CODE_SIGN_STYLE = Automatic;
				COMBINE_HIDPI_IMAGES = YES;
				INFOPLIST_FILE = "Bob Tests/Info.plist";
				LD_RUNPATH_SEARCH_PATHS = (
					"$(inherited)",
					"@executable_path/../Frameworks",
					"@loader_path/../Frameworks",
				);
				PRODUCT_BUNDLE_IDENTIFIER = "id.nadiar.exercism.Bob-Tests";
				PRODUCT_NAME = "$(TARGET_NAME)";
			};
			name = Release;
		};
/* End XCBuildConfiguration section */

/* Begin XCConfigurationList section */
		272C7C7D257F8E5F0073D9C9 /* Build configuration list for PBXProject "Bob" */ = {
			isa = XCConfigurationList;
			buildConfigurations = (
				272C7C87257F8E5F0073D9C9 /* Debug */,
				272C7C88257F8E5F0073D9C9 /* Release */,
			);
			defaultConfigurationIsVisible = 0;
			defaultConfigurationName = Release;
		};
		272C7C89257F8E5F0073D9C9 /* Build configuration list for PBXNativeTarget "Bob" */ = {
			isa = XCConfigurationList;
			buildConfigurations = (
				272C7C8A257F8E5F0073D9C9 /* Debug */,
				272C7C8B257F8E5F0073D9C9 /* Release */,
			);
			defaultConfigurationIsVisible = 0;
			defaultConfigurationName = Release;
		};
		272C7C96257F8EDC0073D9C9 /* Build configuration list for PBXNativeTarget "Bob Tests" */ = {
			isa = XCConfigurationList;
			buildConfigurations = (
				272C7C97257F8EDC0073D9C9 /* Debug */,
				272C7C98257F8EDC0073D9C9 /* Release */,
			);
			defaultConfigurationIsVisible = 0;
			defaultConfigurationName = Release;
		};
/* End XCConfigurationList section */
	};
	rootObject = 272C7C7A257F8E5F0073D9C9 /* Project object */;
}
